
Microsoft Visual Studio Solution File, Format Version 12.00
# Visual Studio Version 17
VisualStudioVersion = 17.2.32630.192
MinimumVisualStudioVersion = 10.0.40219.1
Project("{FAE04EC0-301F-11D3-BF4B-00C04F79EFBC}") = "AgendaBack2023", "AgendaBack2023.csproj", "{67E8396A-1F80-4E09-87DA-349FDB61EBFE}"
EndProject
Global
	GlobalSection(SolutionConfigurationPlatforms) = preSolution
		Debug|Any CPU = Debug|Any CPU
		Release|Any CPU = Release|Any CPU
	EndGlobalSection
	GlobalSection(ProjectConfigurationPlatforms) = postSolution
		{67E8396A-1F80-4E09-87DA-349FDB61EBFE}.Debug|Any CPU.ActiveCfg = Debug|Any CPU
		{67E8396A-1F80-4E09-87DA-349FDB61EBFE}.Debug|Any CPU.Build.0 = Debug|Any CPU
		{67E8396A-1F80-4E09-87DA-349FDB61EBFE}.Release|Any CPU.ActiveCfg = Release|Any CPU
		{67E8396A-1F80-4E09-87DA-349FDB61EBFE}.Release|Any CPU.Build.0 = Release|Any CPU
	EndGlobalSection
	GlobalSection(SolutionProperties) = preSolution
		HideSolutionNode = FALSE
	EndGlobalSection
	GlobalSection(ExtensibilityGlobals) = postSolution
		SolutionGuid = {BCCCD6C2-6C3D-49A3-89CA-FA6F28239832}
	EndGlobalSection
EndGlobal
